{
  "name": "Hejpanel",
  "version": "1.0.0",
  "lockfileVersion": 2,
  "requires": true,
  "packages": {
    "": {
      "dependencies": {
        "@prisma/client": "^5.7.0"
      }
    },
    "node_modules/@prisma/client": {
      "version": "5.7.0",
      "resolved": "https://registry.npmjs.org/@prisma/client/-/client-5.7.0.tgz",
      "integrity": "sha512-cZmglCrfNbYpzUtz7HscVHl38e9CrUs31nrVoGUK1nIPXGgt8hT4jj2s657UXcNdQ/jBUxDgGmHyu2Nyrq1txg==",
      "hasInstallScript": true,
      "engines": {
        "node": ">=16.13"
      },
      "peerDependencies": {
        "prisma": "*"
      },
      "peerDependenciesMeta": {
        "prisma": {
          "optional": true
        }
      }
    },
    "node_modules/@prisma/engines": {
      "version": "4.7.0",
      "resolved": "https://registry.npmjs.org/@prisma/engines/-/engines-4.7.0.tgz",
      "integrity": "sha512-afKrVFktaZ1pOK12/uFl2hRsBWIJZuC5FdDtacuKk5x/mR+rC5AbA+PlN3ZCZbmYTaeiBMHjcU5wbT5z2N3nSQ==",
      "hasInstallScript": true,
      "optional": true,
      "peer": true
    },
    "node_modules/prisma": {
      "version": "4.7.0",
      "resolved": "https://registry.npmjs.org/prisma/-/prisma-4.7.0.tgz",
      "integrity": "sha512-VsecNo0Ca3+bDTzSpJqIpdupKVhhQ8aOYeWc09JlUM89knqvhSrlMrg0U8BiOD4tFrY1OPaCcraK8leDBxKMBg==",
      "hasInstallScript": true,
      "optional": true,
      "peer": true,
      "dependencies": {
        "@prisma/engines": "4.7.0"
      },
      "bin": {
        "prisma": "build/index.js",
        "prisma2": "build/index.js"
      },
      "engines": {
        "node": ">=14.17"
      }
    }
  },
  "dependencies": {
    "@prisma/client": {
      "version": "5.7.0",
      "resolved": "https://registry.npmjs.org/@prisma/client/-/client-5.7.0.tgz",
      "integrity": "sha512-cZmglCrfNbYpzUtz7HscVHl38e9CrUs31nrVoGUK1nIPXGgt8hT4jj2s657UXcNdQ/jBUxDgGmHyu2Nyrq1txg==",
      "requires": {}
    },
    "@prisma/engines": {
      "version": "4.7.0",
      "resolved": "https://registry.npmjs.org/@prisma/engines/-/engines-4.7.0.tgz",
      "integrity": "sha512-afKrVFktaZ1pOK12/uFl2hRsBWIJZuC5FdDtacuKk5x/mR+rC5AbA+PlN3ZCZbmYTaeiBMHjcU5wbT5z2N3nSQ==",
      "optional": true,
      "peer": true
    },
    "prisma": {
      "version": "4.7.0",
      "resolved": "https://registry.npmjs.org/prisma/-/prisma-4.7.0.tgz",
      "integrity": "sha512-VsecNo0Ca3+bDTzSpJqIpdupKVhhQ8aOYeWc09JlUM89knqvhSrlMrg0U8BiOD4tFrY1OPaCcraK8leDBxKMBg==",
      "optional": true,
      "peer": true,
      "requires": {
        "@prisma/engines": "4.7.0"
      }
    }
  }
}
